// !$*UTF8*$!
{
	archiveVersion = 1;
	classes = {
	};
	objectVersion = 46;
	objects = {

/* Begin PBXBuildFile section */
		699557403F41453D8C401E79 /* libPods.a in Frameworks */ = {isa = PBXBuildFile; fileRef = E17A0A79F76744B6AFC2C75B /* libPods.a */; };
		E064D2FA192DF60F000D6D9D /* Weather.m in Sources */ = {isa = PBXBuildFile; fileRef = E064D2F9192DF60F000D6D9D /* Weather.m */; };
		E064D2FD192DFCCF000D6D9D /* LocationViewController.m in Sources */ = {isa = PBXBuildFile; fileRef = E064D2FC192DFCCF000D6D9D /* LocationViewController.m */; };
		E064D303192DFD07000D6D9D /* MainViewController.m in Sources */ = {isa = PBXBuildFile; fileRef = E064D302192DFD07000D6D9D /* MainViewController.m */; };
		E064D306192DFD55000D6D9D /* LocationManage.m in Sources */ = {isa = PBXBuildFile; fileRef = E064D305192DFD55000D6D9D /* LocationManage.m */; };
		E064D30C192DFD73000D6D9D /* NotificationManage.m in Sources */ = {isa = PBXBuildFile; fileRef = E064D30B192DFD73000D6D9D /* NotificationManage.m */; };
		E0F3F789192D88C300340159 /* Foundation.framework in Frameworks */ = {isa = PBXBuildFile; fileRef = E0F3F788192D88C300340159 /* Foundation.framework */; };
		E0F3F78B192D88C300340159 /* CoreGraphics.framework in Frameworks */ = {isa = PBXBuildFile; fileRef = E0F3F78A192D88C300340159 /* CoreGraphics.framework */; };
		E0F3F78D192D88C300340159 /* UIKit.framework in Frameworks */ = {isa = PBXBuildFile; fileRef = E0F3F78C192D88C300340159 /* UIKit.framework */; };
		E0F3F793192D88C300340159 /* InfoPlist.strings in Resources */ = {isa = PBXBuildFile; fileRef = E0F3F791192D88C300340159 /* InfoPlist.strings */; };
		E0F3F795192D88C300340159 /* main.m in Sources */ = {isa = PBXBuildFile; fileRef = E0F3F794192D88C300340159 /* main.m */; };
		E0F3F799192D88C300340159 /* AppDelegate.m in Sources */ = {isa = PBXBuildFile; fileRef = E0F3F798192D88C300340159 /* AppDelegate.m */; };
		E0F3F79C192D88C300340159 /* Main.storyboard in Resources */ = {isa = PBXBuildFile; fileRef = E0F3F79A192D88C300340159 /* Main.storyboard */; };
		E0F3F79F192D88C300340159 /* ViewController.m in Sources */ = {isa = PBXBuildFile; fileRef = E0F3F79E192D88C300340159 /* ViewController.m */; };
		E0F3F7A1192D88C300340159 /* Images.xcassets in Resources */ = {isa = PBXBuildFile; fileRef = E0F3F7A0192D88C300340159 /* Images.xcassets */; };
		E0F3F7A8192D88C300340159 /* XCTest.framework in Frameworks */ = {isa = PBXBuildFile; fileRef = E0F3F7A7192D88C300340159 /* XCTest.framework */; };
		E0F3F7A9192D88C300340159 /* Foundation.framework in Frameworks */ = {isa = PBXBuildFile; fileRef = E0F3F788192D88C300340159 /* Foundation.framework */; };
		E0F3F7AA192D88C300340159 /* UIKit.framework in Frameworks */ = {isa = PBXBuildFile; fileRef = E0F3F78C192D88C300340159 /* UIKit.framework */; };
		E0F3F7B2192D88C300340159 /* InfoPlist.strings in Resources */ = {isa = PBXBuildFile; fileRef = E0F3F7B0192D88C300340159 /* InfoPlist.strings */; };
		E0F3F7B4192D88C300340159 /* UmbrellaAskerTests.m in Sources */ = {isa = PBXBuildFile; fileRef = E0F3F7B3192D88C300340159 /* UmbrellaAskerTests.m */; };
		E4058FC11933502800D10FD2 /* TimeManager.m in Sources */ = {isa = PBXBuildFile; fileRef = E4058FC01933502800D10FD2 /* TimeManager.m */; };
		E408D0FE193D4C87006DE8A4 /* SetTimeTableViewController.m in Sources */ = {isa = PBXBuildFile; fileRef = E408D0FD193D4C87006DE8A4 /* SetTimeTableViewController.m */; };
		E408D101193E8CEA006DE8A4 /* clock.png in Resources */ = {isa = PBXBuildFile; fileRef = E408D0FF193E8CEA006DE8A4 /* clock.png */; };
		E408D102193E8CEA006DE8A4 /* position.png in Resources */ = {isa = PBXBuildFile; fileRef = E408D100193E8CEA006DE8A4 /* position.png */; };
		E408D107193E8D0A006DE8A4 /* cloud.mp3 in Resources */ = {isa = PBXBuildFile; fileRef = E408D104193E8D0A006DE8A4 /* cloud.mp3 */; };
		E408D108193E8D0A006DE8A4 /* rain.mp3 in Resources */ = {isa = PBXBuildFile; fileRef = E408D105193E8D0A006DE8A4 /* rain.mp3 */; };
		E408D109193E8D0A006DE8A4 /* sunny.wav in Resources */ = {isa = PBXBuildFile; fileRef = E408D106193E8D0A006DE8A4 /* sunny.wav */; };
		E408D10B193E8FC4006DE8A4 /* AVFoundation.framework in Frameworks */ = {isa = PBXBuildFile; fileRef = E408D10A193E8FC3006DE8A4 /* AVFoundation.framework */; };
		E408D10D193EE389006DE8A4 /* welcomeman.png in Resources */ = {isa = PBXBuildFile; fileRef = E408D10C193EE389006DE8A4 /* welcomeman.png */; };
		E4A7AB391931DF4000AD94A4 /* iconme.png in Resources */ = {isa = PBXBuildFile; fileRef = E4A7AB381931DF4000AD94A4 /* iconme.png */; };
		E4AD70981935A237004CC2F5 /* cloud01.png in Resources */ = {isa = PBXBuildFile; fileRef = E4AD70861935A237004CC2F5 /* cloud01.png */; };
		E4AD70991935A237004CC2F5 /* cloud02.png in Resources */ = {isa = PBXBuildFile; fileRef = E4AD70871935A237004CC2F5 /* cloud02.png */; };
		E4AD709A1935A237004CC2F5 /* cloud03.png in Resources */ = {isa = PBXBuildFile; fileRef = E4AD70881935A237004CC2F5 /* cloud03.png */; };
		E4AD709B1935A237004CC2F5 /* cloudman01.png in Resources */ = {isa = PBXBuildFile; fileRef = E4AD70891935A237004CC2F5 /* cloudman01.png */; };
		E4AD709C1935A237004CC2F5 /* cloudman02.png in Resources */ = {isa = PBXBuildFile; fileRef = E4AD708A1935A237004CC2F5 /* cloudman02.png */; };
		E4AD709D1935A237004CC2F5 /* Default.png in Resources */ = {isa = PBXBuildFile; fileRef = E4AD708B1935A237004CC2F5 /* Default.png */; };
		E4AD709E1935A237004CC2F5 /* Default@2x.png in Resources */ = {isa = PBXBuildFile; fileRef = E4AD708C1935A237004CC2F5 /* Default@2x.png */; };
		E4AD70A01935A237004CC2F5 /* rain01.png in Resources */ = {isa = PBXBuildFile; fileRef = E4AD708E1935A237004CC2F5 /* rain01.png */; };
		E4AD70A11935A237004CC2F5 /* rain02.png in Resources */ = {isa = PBXBuildFile; fileRef = E4AD708F1935A237004CC2F5 /* rain02.png */; };
		E4AD70A21935A237004CC2F5 /* rain03.png in Resources */ = {isa = PBXBuildFile; fileRef = E4AD70901935A237004CC2F5 /* rain03.png */; };
		E4AD70A31935A237004CC2F5 /* rainman01-1.png in Resources */ = {isa = PBXBuildFile; fileRef = E4AD70911935A237004CC2F5 /* rainman01-1.png */; };
		E4AD70A41935A237004CC2F5 /* rainman02-1.png in Resources */ = {isa = PBXBuildFile; fileRef = E4AD70921935A237004CC2F5 /* rainman02-1.png */; };
		E4AD70A51935A237004CC2F5 /* sunny01.png in Resources */ = {isa = PBXBuildFile; fileRef = E4AD70931935A237004CC2F5 /* sunny01.png */; };
		E4AD70A61935A237004CC2F5 /* sunny02.png in Resources */ = {isa = PBXBuildFile; fileRef = E4AD70941935A237004CC2F5 /* sunny02.png */; };
		E4AD70A71935A237004CC2F5 /* sunny03.png in Resources */ = {isa = PBXBuildFile; fileRef = E4AD70951935A237004CC2F5 /* sunny03.png */; };
		E4AD70A81935A237004CC2F5 /* sunnyman01.png in Resources */ = {isa = PBXBuildFile; fileRef = E4AD70961935A237004CC2F5 /* sunnyman01.png */; };
		E4AD70A91935A237004CC2F5 /* sunnyman02.png in Resources */ = {isa = PBXBuildFile; fileRef = E4AD70971935A237004CC2F5 /* sunnyman02.png */; };
		E4AD70AB1935CFD2004CC2F5 /* positionman.png in Resources */ = {isa = PBXBuildFile; fileRef = E4AD70AA1935CFD2004CC2F5 /* positionman.png */; };
		E4AD70AE1935D145004CC2F5 /* Icon.png in Resources */ = {isa = PBXBuildFile; fileRef = E4AD70AD1935D145004CC2F5 /* Icon.png */; };
/* End PBXBuildFile section */

/* Begin PBXContainerItemProxy section */
		E0F3F7AB192D88C300340159 /* PBXContainerItemProxy */ = {
			isa = PBXContainerItemProxy;
			containerPortal = E0F3F77D192D88C200340159 /* Project object */;
			proxyType = 1;
			remoteGlobalIDString = E0F3F784192D88C300340159;
			remoteInfo = UmbrellaAsker;
		};
/* End PBXContainerItemProxy section */

/* Begin PBXFileReference section */
		02A49C3C2816449B97E7D6DD /* Pods.xcconfig */ = {isa = PBXFileReference; includeInIndex = 1; lastKnownFileType = text.xcconfig; name = Pods.xcconfig; path = Pods/Pods.xcconfig; sourceTree = "<group>"; };
		E064D2F8192DF60F000D6D9D /* Weather.h */ = {isa = PBXFileReference; fileEncoding = 4; lastKnownFileType = sourcecode.c.h; path = Weather.h; sourceTree = "<group>"; };
		E064D2F9192DF60F000D6D9D /* Weather.m */ = {isa = PBXFileReference; fileEncoding = 4; lastKnownFileType = sourcecode.c.objc; path = Weather.m; sourceTree = "<group>"; };
		E064D2FB192DFCCF000D6D9D /* LocationViewController.h */ = {isa = PBXFileReference; fileEncoding = 4; lastKnownFileType = sourcecode.c.h; path = LocationViewController.h; sourceTree = "<group>"; };
		E064D2FC192DFCCF000D6D9D /* LocationViewController.m */ = {isa = PBXFileReference; fileEncoding = 4; lastKnownFileType = sourcecode.c.objc; path = LocationViewController.m; sourceTree = "<group>"; };
		E064D301192DFD07000D6D9D /* MainViewController.h */ = {isa = PBXFileReference; fileEncoding = 4; lastKnownFileType = sourcecode.c.h; path = MainViewController.h; sourceTree = "<group>"; };
		E064D302192DFD07000D6D9D /* MainViewController.m */ = {isa = PBXFileReference; fileEncoding = 4; lastKnownFileType = sourcecode.c.objc; path = MainViewController.m; sourceTree = "<group>"; };
		E064D304192DFD55000D6D9D /* LocationManage.h */ = {isa = PBXFileReference; fileEncoding = 4; lastKnownFileType = sourcecode.c.h; path = LocationManage.h; sourceTree = "<group>"; };
		E064D305192DFD55000D6D9D /* LocationManage.m */ = {isa = PBXFileReference; fileEncoding = 4; lastKnownFileType = sourcecode.c.objc; path = LocationManage.m; sourceTree = "<group>"; };
		E064D30A192DFD73000D6D9D /* NotificationManage.h */ = {isa = PBXFileReference; fileEncoding = 4; lastKnownFileType = sourcecode.c.h; path = NotificationManage.h; sourceTree = "<group>"; };
		E064D30B192DFD73000D6D9D /* NotificationManage.m */ = {isa = PBXFileReference; fileEncoding = 4; lastKnownFileType = sourcecode.c.objc; path = NotificationManage.m; sourceTree = "<group>"; };
		E0F3F785192D88C300340159 /* UmbrellaAsker.app */ = {isa = PBXFileReference; explicitFileType = wrapper.application; includeInIndex = 0; path = UmbrellaAsker.app; sourceTree = BUILT_PRODUCTS_DIR; };
		E0F3F788192D88C300340159 /* Foundation.framework */ = {isa = PBXFileReference; lastKnownFileType = wrapper.framework; name = Foundation.framework; path = System/Library/Frameworks/Foundation.framework; sourceTree = SDKROOT; };
		E0F3F78A192D88C300340159 /* CoreGraphics.framework */ = {isa = PBXFileReference; lastKnownFileType = wrapper.framework; name = CoreGraphics.framework; path = System/Library/Frameworks/CoreGraphics.framework; sourceTree = SDKROOT; };
		E0F3F78C192D88C300340159 /* UIKit.framework */ = {isa = PBXFileReference; lastKnownFileType = wrapper.framework; name = UIKit.framework; path = System/Library/Frameworks/UIKit.framework; sourceTree = SDKROOT; };
		E0F3F790192D88C300340159 /* UmbrellaAsker-Info.plist */ = {isa = PBXFileReference; lastKnownFileType = text.plist.xml; path = "UmbrellaAsker-Info.plist"; sourceTree = "<group>"; };
		E0F3F792192D88C300340159 /* en */ = {isa = PBXFileReference; lastKnownFileType = text.plist.strings; name = en; path = en.lproj/InfoPlist.strings; sourceTree = "<group>"; };
		E0F3F794192D88C300340159 /* main.m */ = {isa = PBXFileReference; lastKnownFileType = sourcecode.c.objc; path = main.m; sourceTree = "<group>"; };
		E0F3F796192D88C300340159 /* UmbrellaAsker-Prefix.pch */ = {isa = PBXFileReference; lastKnownFileType = sourcecode.c.h; path = "UmbrellaAsker-Prefix.pch"; sourceTree = "<group>"; };
		E0F3F797192D88C300340159 /* AppDelegate.h */ = {isa = PBXFileReference; lastKnownFileType = sourcecode.c.h; path = AppDelegate.h; sourceTree = "<group>"; };
		E0F3F798192D88C300340159 /* AppDelegate.m */ = {isa = PBXFileReference; lastKnownFileType = sourcecode.c.objc; path = AppDelegate.m; sourceTree = "<group>"; };
		E0F3F79B192D88C300340159 /* Base */ = {isa = PBXFileReference; lastKnownFileType = file.storyboard; name = Base; path = Base.lproj/Main.storyboard; sourceTree = "<group>"; };
		E0F3F79D192D88C300340159 /* ViewController.h */ = {isa = PBXFileReference; lastKnownFileType = sourcecode.c.h; path = ViewController.h; sourceTree = "<group>"; };
		E0F3F79E192D88C300340159 /* ViewController.m */ = {isa = PBXFileReference; lastKnownFileType = sourcecode.c.objc; path = ViewController.m; sourceTree = "<group>"; };
		E0F3F7A0192D88C300340159 /* Images.xcassets */ = {isa = PBXFileReference; lastKnownFileType = folder.assetcatalog; path = Images.xcassets; sourceTree = "<group>"; };
		E0F3F7A6192D88C300340159 /* UmbrellaAskerTests.xctest */ = {isa = PBXFileReference; explicitFileType = wrapper.cfbundle; includeInIndex = 0; path = UmbrellaAskerTests.xctest; sourceTree = BUILT_PRODUCTS_DIR; };
		E0F3F7A7192D88C300340159 /* XCTest.framework */ = {isa = PBXFileReference; lastKnownFileType = wrapper.framework; name = XCTest.framework; path = Library/Frameworks/XCTest.framework; sourceTree = DEVELOPER_DIR; };
		E0F3F7AF192D88C300340159 /* UmbrellaAskerTests-Info.plist */ = {isa = PBXFileReference; lastKnownFileType = text.plist.xml; path = "UmbrellaAskerTests-Info.plist"; sourceTree = "<group>"; };
		E0F3F7B1192D88C300340159 /* en */ = {isa = PBXFileReference; lastKnownFileType = text.plist.strings; name = en; path = en.lproj/InfoPlist.strings; sourceTree = "<group>"; };
		E0F3F7B3192D88C300340159 /* UmbrellaAskerTests.m */ = {isa = PBXFileReference; lastKnownFileType = sourcecode.c.objc; path = UmbrellaAskerTests.m; sourceTree = "<group>"; };
		E17A0A79F76744B6AFC2C75B /* libPods.a */ = {isa = PBXFileReference; explicitFileType = archive.ar; includeInIndex = 0; path = libPods.a; sourceTree = BUILT_PRODUCTS_DIR; };
		E4058FBF1933502800D10FD2 /* TimeManager.h */ = {isa = PBXFileReference; fileEncoding = 4; lastKnownFileType = sourcecode.c.h; path = TimeManager.h; sourceTree = "<group>"; };
		E4058FC01933502800D10FD2 /* TimeManager.m */ = {isa = PBXFileReference; fileEncoding = 4; lastKnownFileType = sourcecode.c.objc; path = TimeManager.m; sourceTree = "<group>"; };
		E408D0FC193D4C87006DE8A4 /* SetTimeTableViewController.h */ = {isa = PBXFileReference; fileEncoding = 4; lastKnownFileType = sourcecode.c.h; path = SetTimeTableViewController.h; sourceTree = "<group>"; };
		E408D0FD193D4C87006DE8A4 /* SetTimeTableViewController.m */ = {isa = PBXFileReference; fileEncoding = 4; lastKnownFileType = sourcecode.c.objc; path = SetTimeTableViewController.m; sourceTree = "<group>"; };
		E408D0FF193E8CEA006DE8A4 /* clock.png */ = {isa = PBXFileReference; lastKnownFileType = image.png; path = clock.png; sourceTree = "<group>"; };
		E408D100193E8CEA006DE8A4 /* position.png */ = {isa = PBXFileReference; lastKnownFileType = image.png; path = position.png; sourceTree = "<group>"; };
		E408D104193E8D0A006DE8A4 /* cloud.mp3 */ = {isa = PBXFileReference; lastKnownFileType = audio.mp3; path = cloud.mp3; sourceTree = "<group>"; };
		E408D105193E8D0A006DE8A4 /* rain.mp3 */ = {isa = PBXFileReference; lastKnownFileType = audio.mp3; path = rain.mp3; sourceTree = "<group>"; };
		E408D106193E8D0A006DE8A4 /* sunny.wav */ = {isa = PBXFileReference; lastKnownFileType = audio.wav; path = sunny.wav; sourceTree = "<group>"; };
		E408D10A193E8FC3006DE8A4 /* AVFoundation.framework */ = {isa = PBXFileReference; lastKnownFileType = wrapper.framework; name = AVFoundation.framework; path = System/Library/Frameworks/AVFoundation.framework; sourceTree = SDKROOT; };
		E408D10C193EE389006DE8A4 /* welcomeman.png */ = {isa = PBXFileReference; lastKnownFileType = image.png; path = welcomeman.png; sourceTree = "<group>"; };
		E4A7AB381931DF4000AD94A4 /* iconme.png */ = {isa = PBXFileReference; lastKnownFileType = image.png; path = iconme.png; sourceTree = "<group>"; };
		E4AD70861935A237004CC2F5 /* cloud01.png */ = {isa = PBXFileReference; lastKnownFileType = image.png; path = cloud01.png; sourceTree = "<group>"; };
		E4AD70871935A237004CC2F5 /* cloud02.png */ = {isa = PBXFileReference; lastKnownFileType = image.png; path = cloud02.png; sourceTree = "<group>"; };
		E4AD70881935A237004CC2F5 /* cloud03.png */ = {isa = PBXFileReference; lastKnownFileType = image.png; path = cloud03.png; sourceTree = "<group>"; };
		E4AD70891935A237004CC2F5 /* cloudman01.png */ = {isa = PBXFileReference; lastKnownFileType = image.png; path = cloudman01.png; sourceTree = "<group>"; };
		E4AD708A1935A237004CC2F5 /* cloudman02.png */ = {isa = PBXFileReference; lastKnownFileType = image.png; path = cloudman02.png; sourceTree = "<group>"; };
		E4AD708B1935A237004CC2F5 /* Default.png */ = {isa = PBXFileReference; lastKnownFileType = image.png; path = Default.png; sourceTree = "<group>"; };
		E4AD708C1935A237004CC2F5 /* Default@2x.png */ = {isa = PBXFileReference; lastKnownFileType = image.png; path = "Default@2x.png"; sourceTree = "<group>"; };
		E4AD708E1935A237004CC2F5 /* rain01.png */ = {isa = PBXFileReference; lastKnownFileType = image.png; path = rain01.png; sourceTree = "<group>"; };
		E4AD708F1935A237004CC2F5 /* rain02.png */ = {isa = PBXFileReference; lastKnownFileType = image.png; path = rain02.png; sourceTree = "<group>"; };
		E4AD70901935A237004CC2F5 /* rain03.png */ = {isa = PBXFileReference; lastKnownFileType = image.png; path = rain03.png; sourceTree = "<group>"; };
		E4AD70911935A237004CC2F5 /* rainman01-1.png */ = {isa = PBXFileReference; lastKnownFileType = image.png; path = "rainman01-1.png"; sourceTree = "<group>"; };
		E4AD70921935A237004CC2F5 /* rainman02-1.png */ = {isa = PBXFileReference; lastKnownFileType = image.png; path = "rainman02-1.png"; sourceTree = "<group>"; };
		E4AD70931935A237004CC2F5 /* sunny01.png */ = {isa = PBXFileReference; lastKnownFileType = image.png; path = sunny01.png; sourceTree = "<group>"; };
		E4AD70941935A237004CC2F5 /* sunny02.png */ = {isa = PBXFileReference; lastKnownFileType = image.png; path = sunny02.png; sourceTree = "<group>"; };
		E4AD70951935A237004CC2F5 /* sunny03.png */ = {isa = PBXFileReference; lastKnownFileType = image.png; path = sunny03.png; sourceTree = "<group>"; };
		E4AD70961935A237004CC2F5 /* sunnyman01.png */ = {isa = PBXFileReference; lastKnownFileType = image.png; path = sunnyman01.png; sourceTree = "<group>"; };
		E4AD70971935A237004CC2F5 /* sunnyman02.png */ = {isa = PBXFileReference; lastKnownFileType = image.png; path = sunnyman02.png; sourceTree = "<group>"; };
		E4AD70AA1935CFD2004CC2F5 /* positionman.png */ = {isa = PBXFileReference; lastKnownFileType = image.png; path = positionman.png; sourceTree = "<group>"; };
		E4AD70AD1935D145004CC2F5 /* Icon.png */ = {isa = PBXFileReference; lastKnownFileType = image.png; path = Icon.png; sourceTree = "<group>"; };
/* End PBXFileReference section */

/* Begin PBXFrameworksBuildPhase section */
		E0F3F782192D88C300340159 /* Frameworks */ = {
			isa = PBXFrameworksBuildPhase;
			buildActionMask = 2147483647;
			files = (
				E408D10B193E8FC4006DE8A4 /* AVFoundation.framework in Frameworks */,
				E0F3F78B192D88C300340159 /* CoreGraphics.framework in Frameworks */,
				E0F3F78D192D88C300340159 /* UIKit.framework in Frameworks */,
				E0F3F789192D88C300340159 /* Foundation.framework in Frameworks */,
				699557403F41453D8C401E79 /* libPods.a in Frameworks */,
			);
			runOnlyForDeploymentPostprocessing = 0;
		};
		E0F3F7A3192D88C300340159 /* Frameworks */ = {
			isa = PBXFrameworksBuildPhase;
			buildActionMask = 2147483647;
			files = (
				E0F3F7A8192D88C300340159 /* XCTest.framework in Frameworks */,
				E0F3F7AA192D88C300340159 /* UIKit.framework in Frameworks */,
				E0F3F7A9192D88C300340159 /* Foundation.framework in Frameworks */,
			);
			runOnlyForDeploymentPostprocessing = 0;
		};
/* End PBXFrameworksBuildPhase section */

/* Begin PBXGroup section */
		E0F3F77C192D88C200340159 = {
			isa = PBXGroup;
			children = (
				E408D103193E8CFA006DE8A4 /* music */,
				E4AD70AC1935D121004CC2F5 /* Images */,
				E46DCA9A193486CA00FAF889 /* picture */,
				E0F3F78E192D88C300340159 /* UmbrellaAsker */,
				E0F3F7AD192D88C300340159 /* UmbrellaAskerTests */,
				E0F3F787192D88C300340159 /* Frameworks */,
				E0F3F786192D88C300340159 /* Products */,
				02A49C3C2816449B97E7D6DD /* Pods.xcconfig */,
			);
			sourceTree = "<group>";
		};
		E0F3F786192D88C300340159 /* Products */ = {
			isa = PBXGroup;
			children = (
				E0F3F785192D88C300340159 /* UmbrellaAsker.app */,
				E0F3F7A6192D88C300340159 /* UmbrellaAskerTests.xctest */,
			);
			name = Products;
			sourceTree = "<group>";
		};
		E0F3F787192D88C300340159 /* Frameworks */ = {
			isa = PBXGroup;
			children = (
				E408D10A193E8FC3006DE8A4 /* AVFoundation.framework */,
				E0F3F788192D88C300340159 /* Foundation.framework */,
				E0F3F78A192D88C300340159 /* CoreGraphics.framework */,
				E0F3F78C192D88C300340159 /* UIKit.framework */,
				E0F3F7A7192D88C300340159 /* XCTest.framework */,
				E17A0A79F76744B6AFC2C75B /* libPods.a */,
			);
			name = Frameworks;
			sourceTree = "<group>";
		};
		E0F3F78E192D88C300340159 /* UmbrellaAsker */ = {
			isa = PBXGroup;
			children = (
				E0F3F797192D88C300340159 /* AppDelegate.h */,
				E0F3F798192D88C300340159 /* AppDelegate.m */,
				E0F3F79A192D88C300340159 /* Main.storyboard */,
				E408D0FC193D4C87006DE8A4 /* SetTimeTableViewController.h */,
				E408D0FD193D4C87006DE8A4 /* SetTimeTableViewController.m */,
				E064D304192DFD55000D6D9D /* LocationManage.h */,
				E064D305192DFD55000D6D9D /* LocationManage.m */,
				E064D30A192DFD73000D6D9D /* NotificationManage.h */,
				E064D30B192DFD73000D6D9D /* NotificationManage.m */,
				E064D2FB192DFCCF000D6D9D /* LocationViewController.h */,
				E064D2FC192DFCCF000D6D9D /* LocationViewController.m */,
				E4058FBF1933502800D10FD2 /* TimeManager.h */,
				E4058FC01933502800D10FD2 /* TimeManager.m */,
				E064D301192DFD07000D6D9D /* MainViewController.h */,
				E064D302192DFD07000D6D9D /* MainViewController.m */,
				E0F3F79D192D88C300340159 /* ViewController.h */,
				E0F3F79E192D88C300340159 /* ViewController.m */,
				E064D2F8192DF60F000D6D9D /* Weather.h */,
				E064D2F9192DF60F000D6D9D /* Weather.m */,
				E0F3F7A0192D88C300340159 /* Images.xcassets */,
				E0F3F78F192D88C300340159 /* Supporting Files */,
			);
			path = UmbrellaAsker;
			sourceTree = "<group>";
		};
		E0F3F78F192D88C300340159 /* Supporting Files */ = {
			isa = PBXGroup;
			children = (
				E4A7AB381931DF4000AD94A4 /* iconme.png */,
				E0F3F790192D88C300340159 /* UmbrellaAsker-Info.plist */,
				E0F3F791192D88C300340159 /* InfoPlist.strings */,
				E0F3F794192D88C300340159 /* main.m */,
				E0F3F796192D88C300340159 /* UmbrellaAsker-Prefix.pch */,
			);
			name = "Supporting Files";
			sourceTree = "<group>";
		};
		E0F3F7AD192D88C300340159 /* UmbrellaAskerTests */ = {
			isa = PBXGroup;
			children = (
				E0F3F7B3192D88C300340159 /* UmbrellaAskerTests.m */,
				E0F3F7AE192D88C300340159 /* Supporting Files */,
			);
			path = UmbrellaAskerTests;
			sourceTree = "<group>";
		};
		E0F3F7AE192D88C300340159 /* Supporting Files */ = {
			isa = PBXGroup;
			children = (
				E0F3F7AF192D88C300340159 /* UmbrellaAskerTests-Info.plist */,
				E0F3F7B0192D88C300340159 /* InfoPlist.strings */,
			);
			name = "Supporting Files";
			sourceTree = "<group>";
		};
		E408D103193E8CFA006DE8A4 /* music */ = {
			isa = PBXGroup;
			children = (
				E408D104193E8D0A006DE8A4 /* cloud.mp3 */,
				E408D105193E8D0A006DE8A4 /* rain.mp3 */,
				E408D106193E8D0A006DE8A4 /* sunny.wav */,
			);
			name = music;
			sourceTree = "<group>";
		};
		E46DCA9A193486CA00FAF889 /* picture */ = {
			isa = PBXGroup;
			children = (
				E4AD70861935A237004CC2F5 /* cloud01.png */,
				E4AD70871935A237004CC2F5 /* cloud02.png */,
				E4AD70881935A237004CC2F5 /* cloud03.png */,
				E4AD70891935A237004CC2F5 /* cloudman01.png */,
				E408D0FF193E8CEA006DE8A4 /* clock.png */,
				E408D100193E8CEA006DE8A4 /* position.png */,
				E4AD70AA1935CFD2004CC2F5 /* positionman.png */,
				E4AD708A1935A237004CC2F5 /* cloudman02.png */,
				E4AD708B1935A237004CC2F5 /* Default.png */,
				E4AD708C1935A237004CC2F5 /* Default@2x.png */,
				E4AD708E1935A237004CC2F5 /* rain01.png */,
				E4AD708F1935A237004CC2F5 /* rain02.png */,
				E4AD70901935A237004CC2F5 /* rain03.png */,
				E4AD70911935A237004CC2F5 /* rainman01-1.png */,
				E4AD70921935A237004CC2F5 /* rainman02-1.png */,
				E4AD70931935A237004CC2F5 /* sunny01.png */,
				E408D10C193EE389006DE8A4 /* welcomeman.png */,
				E4AD70941935A237004CC2F5 /* sunny02.png */,
				E4AD70951935A237004CC2F5 /* sunny03.png */,
				E4AD70961935A237004CC2F5 /* sunnyman01.png */,
				E4AD70971935A237004CC2F5 /* sunnyman02.png */,
			);
			name = picture;
			sourceTree = "<group>";
		};
		E4AD70AC1935D121004CC2F5 /* Images */ = {
			isa = PBXGroup;
			children = (
				E4AD70AD1935D145004CC2F5 /* Icon.png */,
			);
			name = Images;
			sourceTree = "<group>";
		};
/* End PBXGroup section */

/* Begin PBXNativeTarget section */
		E0F3F784192D88C300340159 /* UmbrellaAsker */ = {
			isa = PBXNativeTarget;
			buildConfigurationList = E0F3F7B7192D88C300340159 /* Build configuration list for PBXNativeTarget "UmbrellaAsker" */;
			buildPhases = (
				9F6F1A5F53BD45DBA90A6861 /* Check Pods Manifest.lock */,
				E0F3F781192D88C300340159 /* Sources */,
				E0F3F782192D88C300340159 /* Frameworks */,
				E0F3F783192D88C300340159 /* Resources */,
				2D83CD61A8C3462B82736F54 /* Copy Pods Resources */,
			);
			buildRules = (
			);
			dependencies = (
			);
			name = UmbrellaAsker;
			productName = UmbrellaAsker;
			productReference = E0F3F785192D88C300340159 /* UmbrellaAsker.app */;
			productType = "com.apple.product-type.application";
		};
		E0F3F7A5192D88C300340159 /* UmbrellaAskerTests */ = {
			isa = PBXNativeTarget;
			buildConfigurationList = E0F3F7BA192D88C300340159 /* Build configuration list for PBXNativeTarget "UmbrellaAskerTests" */;
			buildPhases = (
				E0F3F7A2192D88C300340159 /* Sources */,
				E0F3F7A3192D88C300340159 /* Frameworks */,
				E0F3F7A4192D88C300340159 /* Resources */,
			);
			buildRules = (
			);
			dependencies = (
				E0F3F7AC192D88C300340159 /* PBXTargetDependency */,
			);
			name = UmbrellaAskerTests;
			productName = UmbrellaAskerTests;
			productReference = E0F3F7A6192D88C300340159 /* UmbrellaAskerTests.xctest */;
			productType = "com.apple.product-type.bundle.unit-test";
		};
/* End PBXNativeTarget section */

/* Begin PBXProject section */
		E0F3F77D192D88C200340159 /* Project object */ = {
			isa = PBXProject;
			attributes = {
				LastUpgradeCheck = 0510;
				ORGANIZATIONNAME = "Yoshida Kannyuu";
				TargetAttributes = {
					E0F3F7A5192D88C300340159 = {
						TestTargetID = E0F3F784192D88C300340159;
					};
				};
			};
			buildConfigurationList = E0F3F780192D88C200340159 /* Build configuration list for PBXProject "UmbrellaAsker" */;
			compatibilityVersion = "Xcode 3.2";
			developmentRegion = English;
			hasScannedForEncodings = 0;
			knownRegions = (
				en,
				Base,
			);
			mainGroup = E0F3F77C192D88C200340159;
			productRefGroup = E0F3F786192D88C300340159 /* Products */;
			projectDirPath = "";
			projectRoot = "";
			targets = (
				E0F3F784192D88C300340159 /* UmbrellaAsker */,
				E0F3F7A5192D88C300340159 /* UmbrellaAskerTests */,
			);
		};
/* End PBXProject section */

/* Begin PBXResourcesBuildPhase section */
		E0F3F783192D88C300340159 /* Resources */ = {
			isa = PBXResourcesBuildPhase;
			buildActionMask = 2147483647;
			files = (
				E408D101193E8CEA006DE8A4 /* clock.png in Resources */,
				E4AD709C1935A237004CC2F5 /* cloudman02.png in Resources */,
				E408D102193E8CEA006DE8A4 /* position.png in Resources */,
				E4AD70981935A237004CC2F5 /* cloud01.png in Resources */,
				E4AD70A91935A237004CC2F5 /* sunnyman02.png in Resources */,
				E4AD70A61935A237004CC2F5 /* sunny02.png in Resources */,
				E4A7AB391931DF4000AD94A4 /* iconme.png in Resources */,
				E4AD70AB1935CFD2004CC2F5 /* positionman.png in Resources */,
				E0F3F7A1192D88C300340159 /* Images.xcassets in Resources */,
				E0F3F793192D88C300340159 /* InfoPlist.strings in Resources */,
				E4AD70A01935A237004CC2F5 /* rain01.png in Resources */,
				E4AD70AE1935D145004CC2F5 /* Icon.png in Resources */,
				E408D10D193EE389006DE8A4 /* welcomeman.png in Resources */,
				E4AD709E1935A237004CC2F5 /* Default@2x.png in Resources */,
				E4AD70A81935A237004CC2F5 /* sunnyman01.png in Resources */,
				E4AD70A31935A237004CC2F5 /* rainman01-1.png in Resources */,
				E4AD709A1935A237004CC2F5 /* cloud03.png in Resources */,
				E4AD709B1935A237004CC2F5 /* cloudman01.png in Resources */,
				E4AD70A21935A237004CC2F5 /* rain03.png in Resources */,
				E4AD70A41935A237004CC2F5 /* rainman02-1.png in Resources */,
				E0F3F79C192D88C300340159 /* Main.storyboard in Resources */,
				E408D108193E8D0A006DE8A4 /* rain.mp3 in Resources */,
				E408D107193E8D0A006DE8A4 /* cloud.mp3 in Resources */,
				E4AD70A51935A237004CC2F5 /* sunny01.png in Resources */,
				E4AD70A11935A237004CC2F5 /* rain02.png in Resources */,
				E4AD70991935A237004CC2F5 /* cloud02.png in Resources */,
				E4AD70A71935A237004CC2F5 /* sunny03.png in Resources */,
				E408D109193E8D0A006DE8A4 /* sunny.wav in Resources */,
				E4AD709D1935A237004CC2F5 /* Default.png in Resources */,
			);
			runOnlyForDeploymentPostprocessing = 0;
		};
		E0F3F7A4192D88C300340159 /* Resources */ = {
			isa = PBXResourcesBuildPhase;
			buildActionMask = 2147483647;
			files = (
				E0F3F7B2192D88C300340159 /* InfoPlist.strings in Resources */,
			);
			runOnlyForDeploymentPostprocessing = 0;
		};
/* End PBXResourcesBuildPhase section */

/* Begin PBXShellScriptBuildPhase section */
		2D83CD61A8C3462B82736F54 /* Copy Pods Resources */ = {
			isa = PBXShellScriptBuildPhase;
			buildActionMask = 2147483647;
			files = (
			);
			inputPaths = (
			);
			name = "Copy Pods Resources";
			outputPaths = (
			);
			runOnlyForDeploymentPostprocessing = 0;
			shellPath = /bin/sh;
			shellScript = "\"${SRCROOT}/Pods/Pods-resources.sh\"\n";
			showEnvVarsInLog = 0;
		};
		9F6F1A5F53BD45DBA90A6861 /* Check Pods Manifest.lock */ = {
			isa = PBXShellScriptBuildPhase;
			buildActionMask = 2147483647;
			files = (
			);
			inputPaths = (
			);
			name = "Check Pods Manifest.lock";
			outputPaths = (
			);
			runOnlyForDeploymentPostprocessing = 0;
			shellPath = /bin/sh;
			shellScript = "diff \"${PODS_ROOT}/../Podfile.lock\" \"${PODS_ROOT}/Manifest.lock\" > /dev/null\nif [[ $? != 0 ]] ; then\n    cat << EOM\nerror: The sandbox is not in sync with the Podfile.lock. Run 'pod install' or update your CocoaPods installation.\nEOM\n    exit 1\nfi\n";
			showEnvVarsInLog = 0;
		};
/* End PBXShellScriptBuildPhase section */

/* Begin PBXSourcesBuildPhase section */
		E0F3F781192D88C300340159 /* Sources */ = {
			isa = PBXSourcesBuildPhase;
			buildActionMask = 2147483647;
			files = (
				E064D2FA192DF60F000D6D9D /* Weather.m in Sources */,
				E0F3F79F192D88C300340159 /* ViewController.m in Sources */,
				E0F3F799192D88C300340159 /* AppDelegate.m in Sources */,
				E064D303192DFD07000D6D9D /* MainViewController.m in Sources */,
				E064D306192DFD55000D6D9D /* LocationManage.m in Sources */,
				E0F3F795192D88C300340159 /* main.m in Sources */,
				E408D0FE193D4C87006DE8A4 /* SetTimeTableViewController.m in Sources */,
				E4058FC11933502800D10FD2 /* TimeManager.m in Sources */,
				E064D2FD192DFCCF000D6D9D /* LocationViewController.m in Sources */,
				E064D30C192DFD73000D6D9D /* NotificationManage.m in Sources */,
			);
			runOnlyForDeploymentPostprocessing = 0;
		};
		E0F3F7A2192D88C300340159 /* Sources */ = {
			isa = PBXSourcesBuildPhase;
			buildActionMask = 2147483647;
			files = (
				E0F3F7B4192D88C300340159 /* UmbrellaAskerTests.m in Sources */,
			);
			runOnlyForDeploymentPostprocessing = 0;
		};
/* End PBXSourcesBuildPhase section */

/* Begin PBXTargetDependency section */
		E0F3F7AC192D88C300340159 /* PBXTargetDependency */ = {
			isa = PBXTargetDependency;
			target = E0F3F784192D88C300340159 /* UmbrellaAsker */;
			targetProxy = E0F3F7AB192D88C300340159 /* PBXContainerItemProxy */;
		};
/* End PBXTargetDependency section */

/* Begin PBXVariantGroup section */
		E0F3F791192D88C300340159 /* InfoPlist.strings */ = {
			isa = PBXVariantGroup;
			children = (
				E0F3F792192D88C300340159 /* en */,
			);
			name = InfoPlist.strings;
			sourceTree = "<group>";
		};
		E0F3F79A192D88C300340159 /* Main.storyboard */ = {
			isa = PBXVariantGroup;
			children = (
				E0F3F79B192D88C300340159 /* Base */,
			);
			name = Main.storyboard;
			sourceTree = "<group>";
		};
		E0F3F7B0192D88C300340159 /* InfoPlist.strings */ = {
			isa = PBXVariantGroup;
			children = (
				E0F3F7B1192D88C300340159 /* en */,
			);
			name = InfoPlist.strings;
			sourceTree = "<group>";
		};
/* End PBXVariantGroup section */

/* Begin XCBuildConfiguration section */
		E0F3F7B5192D88C300340159 /* Debug */ = {
			isa = XCBuildConfiguration;
			buildSettings = {
				ALWAYS_SEARCH_USER_PATHS = NO;
				CLANG_CXX_LANGUAGE_STANDARD = "gnu++0x";
				CLANG_CXX_LIBRARY = "libc++";
				CLANG_ENABLE_MODULES = YES;
				CLANG_ENABLE_OBJC_ARC = YES;
				CLANG_WARN_BOOL_CONVERSION = YES;
				CLANG_WARN_CONSTANT_CONVERSION = YES;
				CLANG_WARN_DIRECT_OBJC_ISA_USAGE = YES_ERROR;
				CLANG_WARN_EMPTY_BODY = YES;
				CLANG_WARN_ENUM_CONVERSION = YES;
				CLANG_WARN_INT_CONVERSION = YES;
				CLANG_WARN_OBJC_ROOT_CLASS = YES_ERROR;
				CLANG_WARN__DUPLICATE_METHOD_MATCH = YES;
				"CODE_SIGN_IDENTITY[sdk=iphoneos*]" = "iPhone Developer";
				COPY_PHASE_STRIP = NO;
				GCC_C_LANGUAGE_STANDARD = gnu99;
				GCC_DYNAMIC_NO_PIC = NO;
				GCC_OPTIMIZATION_LEVEL = 0;
				GCC_PREPROCESSOR_DEFINITIONS = (
					"DEBUG=1",
					"$(inherited)",
				);
				GCC_SYMBOLS_PRIVATE_EXTERN = NO;
				GCC_WARN_64_TO_32_BIT_CONVERSION = YES;
				GCC_WARN_ABOUT_RETURN_TYPE = YES_ERROR;
				GCC_WARN_UNDECLARED_SELECTOR = YES;
				GCC_WARN_UNINITIALIZED_AUTOS = YES_AGGRESSIVE;
				GCC_WARN_UNUSED_FUNCTION = YES;
				GCC_WARN_UNUSED_VARIABLE = YES;
				IPHONEOS_DEPLOYMENT_TARGET = 7.1;
				ONLY_ACTIVE_ARCH = YES;
				SDKROOT = iphoneos;
			};
			name = Debug;
		};
		E0F3F7B6192D88C300340159 /* Release */ = {
			isa = XCBuildConfiguration;
			buildSettings = {
				ALWAYS_SEARCH_USER_PATHS = NO;
				CLANG_CXX_LANGUAGE_STANDARD = "gnu++0x";
				CLANG_CXX_LIBRARY = "libc++";
				CLANG_ENABLE_MODULES = YES;
				CLANG_ENABLE_OBJC_ARC = YES;
				CLANG_WARN_BOOL_CONVERSION = YES;
				CLANG_WARN_CONSTANT_CONVERSION = YES;
				CLANG_WARN_DIRECT_OBJC_ISA_USAGE = YES_ERROR;
				CLANG_WARN_EMPTY_BODY = YES;
				CLANG_WARN_ENUM_CONVERSION = YES;
				CLANG_WARN_INT_CONVERSION = YES;
				CLANG_WARN_OBJC_ROOT_CLASS = YES_ERROR;
				CLANG_WARN__DUPLICATE_METHOD_MATCH = YES;
				"CODE_SIGN_IDENTITY[sdk=iphoneos*]" = "iPhone Developer";
				COPY_PHASE_STRIP = YES;
				ENABLE_NS_ASSERTIONS = NO;
				GCC_C_LANGUAGE_STANDARD = gnu99;
				GCC_WARN_64_TO_32_BIT_CONVERSION = YES;
				GCC_WARN_ABOUT_RETURN_TYPE = YES_ERROR;
				GCC_WARN_UNDECLARED_SELECTOR = YES;
				GCC_WARN_UNINITIALIZED_AUTOS = YES_AGGRESSIVE;
				GCC_WARN_UNUSED_FUNCTION = YES;
				GCC_WARN_UNUSED_VARIABLE = YES;
				IPHONEOS_DEPLOYMENT_TARGET = 7.1;
				SDKROOT = iphoneos;
				VALIDATE_PRODUCT = YES;
			};
			name = Release;
		};
		E0F3F7B8192D88C300340159 /* Debug */ = {
			isa = XCBuildConfiguration;
			baseConfigurationReference = 02A49C3C2816449B97E7D6DD /* Pods.xcconfig */;
			buildSettings = {
				ASSETCATALOG_COMPILER_APPICON_NAME = AppIcon;
				ASSETCATALOG_COMPILER_LAUNCHIMAGE_NAME = LaunchImage;
				GCC_PRECOMPILE_PREFIX_HEADER = YES;
				GCC_PREFIX_HEADER = "UmbrellaAsker/UmbrellaAsker-Prefix.pch";
				INFOPLIST_FILE = "UmbrellaAsker/UmbrellaAsker-Info.plist";
				PRODUCT_NAME = "$(TARGET_NAME)";
				WRAPPER_EXTENSION = app;
			};
			name = Debug;
		};
		E0F3F7B9192D88C300340159 /* Release */ = {
			isa = XCBuildConfiguration;
			baseConfigurationReference = 02A49C3C2816449B97E7D6DD /* Pods.xcconfig */;
			buildSettings = {
				ASSETCATALOG_COMPILER_APPICON_NAME = AppIcon;
				ASSETCATALOG_COMPILER_LAUNCHIMAGE_NAME = LaunchImage;
				GCC_PRECOMPILE_PREFIX_HEADER = YES;
				GCC_PREFIX_HEADER = "UmbrellaAsker/UmbrellaAsker-Prefix.pch";
				INFOPLIST_FILE = "UmbrellaAsker/UmbrellaAsker-Info.plist";
				PRODUCT_NAME = "$(TARGET_NAME)";
				WRAPPER_EXTENSION = app;
			};
			name = Release;
		};
		E0F3F7BB192D88C300340159 /* Debug */ = {
			isa = XCBuildConfiguration;
			buildSettings = {
				BUNDLE_LOADER = "$(BUILT_PRODUCTS_DIR)/UmbrellaAsker.app/UmbrellaAsker";
				FRAMEWORK_SEARCH_PATHS = (
					"$(SDKROOT)/Developer/Library/Frameworks",
					"$(inherited)",
					"$(DEVELOPER_FRAMEWORKS_DIR)",
				);
				GCC_PRECOMPILE_PREFIX_HEADER = YES;
				GCC_PREFIX_HEADER = "UmbrellaAsker/UmbrellaAsker-Prefix.pch";
				GCC_PREPROCESSOR_DEFINITIONS = (
					"DEBUG=1",
					"$(inherited)",
				);
				INFOPLIST_FILE = "UmbrellaAskerTests/UmbrellaAskerTests-Info.plist";
				PRODUCT_NAME = "$(TARGET_NAME)";
				TEST_HOST = "$(BUNDLE_LOADER)";
				WRAPPER_EXTENSION = xctest;
			};
			name = Debug;
		};
		E0F3F7BC192D88C300340159 /* Release */ = {
			isa = XCBuildConfiguration;
			buildSettings = {
				BUNDLE_LOADER = "$(BUILT_PRODUCTS_DIR)/UmbrellaAsker.app/UmbrellaAsker";
				FRAMEWORK_SEARCH_PATHS = (
					"$(SDKROOT)/Developer/Library/Frameworks",
					"$(inherited)",
					"$(DEVELOPER_FRAMEWORKS_DIR)",
				);
				GCC_PRECOMPILE_PREFIX_HEADER = YES;
				GCC_PREFIX_HEADER = "UmbrellaAsker/UmbrellaAsker-Prefix.pch";
				INFOPLIST_FILE = "UmbrellaAskerTests/UmbrellaAskerTests-Info.plist";
				PRODUCT_NAME = "$(TARGET_NAME)";
				TEST_HOST = "$(BUNDLE_LOADER)";
				WRAPPER_EXTENSION = xctest;
			};
			name = Release;
		};
/* End XCBuildConfiguration section */

/* Begin XCConfigurationList section */
		E0F3F780192D88C200340159 /* Build configuration list for PBXProject "UmbrellaAsker" */ = {
			isa = XCConfigurationList;
			buildConfigurations = (
				E0F3F7B5192D88C300340159 /* Debug */,
				E0F3F7B6192D88C300340159 /* Release */,
			);
			defaultConfigurationIsVisible = 0;
			defaultConfigurationName = Release;
		};
		E0F3F7B7192D88C300340159 /* Build configuration list for PBXNativeTarget "UmbrellaAsker" */ = {
			isa = XCConfigurationList;
			buildConfigurations = (
				E0F3F7B8192D88C300340159 /* Debug */,
				E0F3F7B9192D88C300340159 /* Release */,
			);
			defaultConfigurationIsVisible = 0;
			defaultConfigurationName = Release;
		};
		E0F3F7BA192D88C300340159 /* Build configuration list for PBXNativeTarget "UmbrellaAskerTests" */ = {
			isa = XCConfigurationList;
			buildConfigurations = (
				E0F3F7BB192D88C300340159 /* Debug */,
				E0F3F7BC192D88C300340159 /* Release */,
			);
			defaultConfigurationIsVisible = 0;
			defaultConfigurationName = Release;
		};
/* End XCConfigurationList section */
	};
	rootObject = E0F3F77D192D88C200340159 /* Project object */;
}
